
Microsoft Visual Studio Solution File, Format Version 12.00
# Visual Studio Version 16
VisualStudioVersion = 16.0.29613.14
MinimumVisualStudioVersion = 10.0.40219.1
Project("{FAE04EC0-301F-11D3-BF4B-00C04F79EFBC}") = "KodTest", "KodTest\KodTest.csproj", "{C573C95D-740F-4B6F-980D-750845BDB4B2}"
EndProject
Global
	GlobalSection(SolutionConfigurationPlatforms) = preSolution
		Debug|Any CPU = Debug|Any CPU
		Release|Any CPU = Release|Any CPU
	EndGlobalSection
	GlobalSection(ProjectConfigurationPlatforms) = postSolution
		{C573C95D-740F-4B6F-980D-750845BDB4B2}.Debug|Any CPU.ActiveCfg = Debug|Any CPU
		{C573C95D-740F-4B6F-980D-750845BDB4B2}.Debug|Any CPU.Build.0 = Debug|Any CPU
		{C573C95D-740F-4B6F-980D-750845BDB4B2}.Release|Any CPU.ActiveCfg = Release|Any CPU
		{C573C95D-740F-4B6F-980D-750845BDB4B2}.Release|Any CPU.Build.0 = Release|Any CPU
	EndGlobalSection
	GlobalSection(SolutionProperties) = preSolution
		HideSolutionNode = FALSE
	EndGlobalSection
	GlobalSection(ExtensibilityGlobals) = postSolution
		SolutionGuid = {E60A630A-0188-40B5-88CD-35FB839E4566}
	EndGlobalSection
EndGlobal
